
Microsoft Visual Studio Solution File, Format Version 12.00
# Visual Studio Version 17
VisualStudioVersion = 17.7.34003.232
MinimumVisualStudioVersion = 10.0.40219.1
Project("{8BC9CEB8-8B4A-11D0-8D11-00A0C91BC942}") = "Lab03-COAL", "Lab03-COAL\Lab03-COAL.vcxproj", "{0DE9971F-C7AD-4183-8008-B73D5475D236}"
EndProject
Global
	GlobalSection(SolutionConfigurationPlatforms) = preSolution
		Debug|x86 = Debug|x86
		Release|x86 = Release|x86
	EndGlobalSection
	GlobalSection(ProjectConfigurationPlatforms) = postSolution
		{0DE9971F-C7AD-4183-8008-B73D5475D236}.Debug|x86.ActiveCfg = Debug|Win32
		{0DE9971F-C7AD-4183-8008-B73D5475D236}.Debug|x86.Build.0 = Debug|Win32
		{0DE9971F-C7AD-4183-8008-B73D5475D236}.Release|x86.ActiveCfg = Release|Win32
		{0DE9971F-C7AD-4183-8008-B73D5475D236}.Release|x86.Build.0 = Release|Win32
	EndGlobalSection
	GlobalSection(SolutionProperties) = preSolution
		HideSolutionNode = FALSE
	EndGlobalSection
	GlobalSection(ExtensibilityGlobals) = postSolution
		SolutionGuid = {593ABBFF-BDBA-425C-9497-C63CD41E4E76}
	EndGlobalSection
EndGlobal
